
Microsoft Visual Studio Solution File, Format Version 12.00
# Visual Studio Version 17
VisualStudioVersion = 17.14.36301.6
MinimumVisualStudioVersion = 10.0.40219.1
Project("{2150E333-8FDC-42A3-9474-1A3956D46DE8}") = "Docs", "Docs", "{02EA681E-C7D8-13C7-8484-4AC65E1B71E8}"
	ProjectSection(SolutionItems) = preProject
		Docs\Phonebook_microservices_architecture_diagram.drawio = Docs\Phonebook_microservices_architecture_diagram.drawio
		Docs\Phonebook_microservices_architecture_diagram.png = Docs\Phonebook_microservices_architecture_diagram.png
	EndProjectSection
EndProject
Project("{2150E333-8FDC-42A3-9474-1A3956D46DE8}") = "Services", "Services", "{0A6749E4-E849-4729-9C26-42F00B9B599E}"
EndProject
Project("{2150E333-8FDC-42A3-9474-1A3956D46DE8}") = "ContactManagement", "ContactManagement", "{F0AF7D2B-AFA3-4FBF-B2C7-DBEA80B69C86}"
EndProject
Project("{2150E333-8FDC-42A3-9474-1A3956D46DE8}") = "ReportManagement", "ReportManagement", "{4DC85687-49CC-4DFC-B391-84DB72FBFE02}"
EndProject
Project("{2150E333-8FDC-42A3-9474-1A3956D46DE8}") = "Deployments", "Deployments", "{41477C59-B655-49F1-9653-D3D433E6FADB}"
	ProjectSection(SolutionItems) = preProject
		Deployment\docker-compose.yml = Deployment\docker-compose.yml
	EndProjectSection
EndProject
Project("{2150E333-8FDC-42A3-9474-1A3956D46DE8}") = "Clients", "Clients", "{615A6B33-AEE4-484C-9092-0DCC724F0FB7}"
EndProject
Project("{2150E333-8FDC-42A3-9474-1A3956D46DE8}") = "Shared", "Shared", "{472C81E0-4D68-418B-BE04-ACE46C96CE3C}"
EndProject
Project("{2150E333-8FDC-42A3-9474-1A3956D46DE8}") = "Tests", "Tests", "{2E2CCFDF-FCCC-4C86-A1F6-3D096B5AC503}"
EndProject
Project("{FAE04EC0-301F-11D3-BF4B-00C04F79EFBC}") = "ContactManagement.Api.Tests", "Services\ContactManagement\Tests\ContactManagement.Api.Tests\ContactManagement.Api.Tests.csproj", "{A730F444-20BE-490C-8FE5-BEFDD18BEDEE}"
EndProject
Project("{FAE04EC0-301F-11D3-BF4B-00C04F79EFBC}") = "ContactManagement.Api", "Services\ContactManagement\ContactManagement.Api\ContactManagement.Api.csproj", "{8F90467D-5E1D-469C-9FA2-73427707ED59}"
EndProject
Project("{FAE04EC0-301F-11D3-BF4B-00C04F79EFBC}") = "ContactManagement.Application", "Services\ContactManagement\ContactManagement.Application\ContactManagement.Application.csproj", "{1A69FFE7-B813-469A-9B54-A073A63292D9}"
EndProject
Project("{FAE04EC0-301F-11D3-BF4B-00C04F79EFBC}") = "Shared.Api.Common", "Shared\Shared.Api.Common\Shared.Api.Common.csproj", "{47318D91-427A-8517-E6C6-8A05093869E2}"
EndProject
Project("{FAE04EC0-301F-11D3-BF4B-00C04F79EFBC}") = "Shared.Common", "Shared\Shared.Common\Shared.Common.csproj", "{BD641065-2058-1585-8C8D-2CADA087F9A3}"
EndProject
Project("{FAE04EC0-301F-11D3-BF4B-00C04F79EFBC}") = "ContactManagement.Application.Tests", "Services\ContactManagement\Tests\ContactManagement.Application.Tests\ContactManagement.Application.Tests.csproj", "{2A3E564A-FA75-41CE-A87F-FB27EF780FF4}"
EndProject
Project("{FAE04EC0-301F-11D3-BF4B-00C04F79EFBC}") = "ContactManagement.Domain", "Services\ContactManagement\ContactManagement.Domain\ContactManagement.Domain.csproj", "{290EB531-97D4-4DF8-B6C0-F4AC91BAC4BC}"
EndProject
Project("{FAE04EC0-301F-11D3-BF4B-00C04F79EFBC}") = "ContactManagement.Infrastructure.Data.Tests", "Services\ContactManagement\Tests\ContactManagement.Infrastructure.Data.Tests\ContactManagement.Infrastructure.Data.Tests.csproj", "{D37A40AD-5883-4F9B-923D-2572EB2D2C68}"
EndProject
Project("{FAE04EC0-301F-11D3-BF4B-00C04F79EFBC}") = "ContactManagement.Infrastructure.Data", "Services\ContactManagement\ContactManagement.Infrastructure.Data\ContactManagement.Infrastructure.Data.csproj", "{FC024FF1-4C2F-E563-DDFA-C31FCC6A9854}"
EndProject
Project("{FAE04EC0-301F-11D3-BF4B-00C04F79EFBC}") = "ReportManagement.Api", "Services\ReportManagement\ReportManagement.Api\ReportManagement.Api.csproj", "{3C182CFC-D5F2-46BA-9299-200C173AA2B6}"
EndProject
Project("{2150E333-8FDC-42A3-9474-1A3956D46DE8}") = "Tests", "Tests", "{857A5ADE-D9C7-451F-8A04-84D840A9F01C}"
EndProject
Project("{FAE04EC0-301F-11D3-BF4B-00C04F79EFBC}") = "ReportManagement.Api.Tests", "Services\ReportManagement\Tests\ReportManagement.Api.Tests\ReportManagement.Api.Tests.csproj", "{0BD442E8-803F-3725-0A61-870FC3FF3FDD}"
EndProject
Project("{FAE04EC0-301F-11D3-BF4B-00C04F79EFBC}") = "ReportManagement.Application", "Services\ReportManagement\ReportManagement.Application\ReportManagement.Application.csproj", "{684A5507-6A53-4B26-B7CD-C3828D33ABD6}"
EndProject
Project("{FAE04EC0-301F-11D3-BF4B-00C04F79EFBC}") = "ReportManagement.Domain", "Services\ReportManagement\ReportManagement.Domain\ReportManagement.Domain.csproj", "{AF59B5BE-EF8C-49B4-83B6-87A191E7F045}"
EndProject
Project("{FAE04EC0-301F-11D3-BF4B-00C04F79EFBC}") = "ReportManagement.Infrastructure.Data", "Services\ReportManagement\ReportManagement.Infrastructure.Data\ReportManagement.Infrastructure.Data.csproj", "{E7638BAB-0C83-4BE1-B2E5-B280574126BD}"
EndProject
Project("{FAE04EC0-301F-11D3-BF4B-00C04F79EFBC}") = "ReportManagement.Application.Tests", "Services\ReportManagement\Tests\ReportManagement.Application.Tests\ReportManagement.Application.Tests.csproj", "{9F889C2C-84FA-4912-AD76-F8E22ECD5838}"
EndProject
Project("{FAE04EC0-301F-11D3-BF4B-00C04F79EFBC}") = "ReportManagement.Infrastructure.Data.Tests", "Services\ReportManagement\Tests\ReportManagement.Infrastructure.Data.Tests\ReportManagement.Infrastructure.Data.Tests.csproj", "{912498C5-5F72-4F6E-A66C-E81A727CC28D}"
EndProject
Project("{FAE04EC0-301F-11D3-BF4B-00C04F79EFBC}") = "Shared.Contracts", "Shared\Shared.Contracts\Shared.Contracts.csproj", "{3E49BF17-0785-41A4-B978-80E8ADA09246}"
EndProject
Project("{FAE04EC0-301F-11D3-BF4B-00C04F79EFBC}") = "ReportManagement.Messaging.Service", "Services\ReportManagement\ReportManagement.Messaging.Service\ReportManagement.Messaging.Service.csproj", "{5BD8FE98-9A7A-42C3-9009-B7DCF2A58368}"
EndProject
Project("{FAE04EC0-301F-11D3-BF4B-00C04F79EFBC}") = "Shared.Infrastructure.Messaging", "Shared\Shared.Infrastructure.Messaging\Shared.Infrastructure.Messaging.csproj", "{12600F45-3E6A-AEEB-A984-34D0C894E592}"
EndProject
Project("{FAE04EC0-301F-11D3-BF4B-00C04F79EFBC}") = "ContactManagement.Messaging.Service", "Services\ContactManagement\ContactManagement.Messaging.Service\ContactManagement.Messaging.Service.csproj", "{DD4D90FD-647C-42B3-97D4-6B829EB1A244}"
EndProject
Project("{FAE04EC0-301F-11D3-BF4B-00C04F79EFBC}") = "Shared.Application.Messaging", "Shared\Shared.Application.Messaging\Shared.Application.Messaging.csproj", "{D7801514-52F7-42B2-A837-770248A55A94}"
EndProject
Project("{FAE04EC0-301F-11D3-BF4B-00C04F79EFBC}") = "ContactManagement.Messaging.Service.Tests", "Services\ContactManagement\Tests\ContactManagement.Messaging.Service.Tests\ContactManagement.Messaging.Service.Tests.csproj", "{FCD9BB70-B3D6-4698-B4CC-DD5BD8F19A80}"
EndProject
Project("{FAE04EC0-301F-11D3-BF4B-00C04F79EFBC}") = "ReportManagement.Messaging.Service.Tests", "Services\ReportManagement\Tests\ReportManagement.Messaging.Service.Tests\ReportManagement.Messaging.Service.Tests.csproj", "{3071BF19-6D6D-4207-93C1-0F907F6B09E4}"
EndProject
Project("{FAE04EC0-301F-11D3-BF4B-00C04F79EFBC}") = "Phonebook.Web", "Clients\Phonebook.Web\Phonebook.Web.csproj", "{1680A8B0-2C4F-4982-B3CA-B47E23D9BC54}"
EndProject
Global
	GlobalSection(SolutionConfigurationPlatforms) = preSolution
		Debug|Any CPU = Debug|Any CPU
		Release|Any CPU = Release|Any CPU
	EndGlobalSection
	GlobalSection(ProjectConfigurationPlatforms) = postSolution
		{A730F444-20BE-490C-8FE5-BEFDD18BEDEE}.Debug|Any CPU.ActiveCfg = Debug|Any CPU
		{A730F444-20BE-490C-8FE5-BEFDD18BEDEE}.Debug|Any CPU.Build.0 = Debug|Any CPU
		{A730F444-20BE-490C-8FE5-BEFDD18BEDEE}.Release|Any CPU.ActiveCfg = Release|Any CPU
		{A730F444-20BE-490C-8FE5-BEFDD18BEDEE}.Release|Any CPU.Build.0 = Release|Any CPU
		{8F90467D-5E1D-469C-9FA2-73427707ED59}.Debug|Any CPU.ActiveCfg = Debug|Any CPU
		{8F90467D-5E1D-469C-9FA2-73427707ED59}.Debug|Any CPU.Build.0 = Debug|Any CPU
		{8F90467D-5E1D-469C-9FA2-73427707ED59}.Release|Any CPU.ActiveCfg = Release|Any CPU
		{8F90467D-5E1D-469C-9FA2-73427707ED59}.Release|Any CPU.Build.0 = Release|Any CPU
		{1A69FFE7-B813-469A-9B54-A073A63292D9}.Debug|Any CPU.ActiveCfg = Debug|Any CPU
		{1A69FFE7-B813-469A-9B54-A073A63292D9}.Debug|Any CPU.Build.0 = Debug|Any CPU
		{1A69FFE7-B813-469A-9B54-A073A63292D9}.Release|Any CPU.ActiveCfg = Release|Any CPU
		{1A69FFE7-B813-469A-9B54-A073A63292D9}.Release|Any CPU.Build.0 = Release|Any CPU
		{47318D91-427A-8517-E6C6-8A05093869E2}.Debug|Any CPU.ActiveCfg = Debug|Any CPU
		{47318D91-427A-8517-E6C6-8A05093869E2}.Debug|Any CPU.Build.0 = Debug|Any CPU
		{47318D91-427A-8517-E6C6-8A05093869E2}.Release|Any CPU.ActiveCfg = Release|Any CPU
		{47318D91-427A-8517-E6C6-8A05093869E2}.Release|Any CPU.Build.0 = Release|Any CPU
		{BD641065-2058-1585-8C8D-2CADA087F9A3}.Debug|Any CPU.ActiveCfg = Debug|Any CPU
		{BD641065-2058-1585-8C8D-2CADA087F9A3}.Debug|Any CPU.Build.0 = Debug|Any CPU
		{BD641065-2058-1585-8C8D-2CADA087F9A3}.Release|Any CPU.ActiveCfg = Release|Any CPU
		{BD641065-2058-1585-8C8D-2CADA087F9A3}.Release|Any CPU.Build.0 = Release|Any CPU
		{2A3E564A-FA75-41CE-A87F-FB27EF780FF4}.Debug|Any CPU.ActiveCfg = Debug|Any CPU
		{2A3E564A-FA75-41CE-A87F-FB27EF780FF4}.Debug|Any CPU.Build.0 = Debug|Any CPU
		{2A3E564A-FA75-41CE-A87F-FB27EF780FF4}.Release|Any CPU.ActiveCfg = Release|Any CPU
		{2A3E564A-FA75-41CE-A87F-FB27EF780FF4}.Release|Any CPU.Build.0 = Release|Any CPU
		{290EB531-97D4-4DF8-B6C0-F4AC91BAC4BC}.Debug|Any CPU.ActiveCfg = Debug|Any CPU
		{290EB531-97D4-4DF8-B6C0-F4AC91BAC4BC}.Debug|Any CPU.Build.0 = Debug|Any CPU
		{290EB531-97D4-4DF8-B6C0-F4AC91BAC4BC}.Release|Any CPU.ActiveCfg = Release|Any CPU
		{290EB531-97D4-4DF8-B6C0-F4AC91BAC4BC}.Release|Any CPU.Build.0 = Release|Any CPU
		{D37A40AD-5883-4F9B-923D-2572EB2D2C68}.Debug|Any CPU.ActiveCfg = Debug|Any CPU
		{D37A40AD-5883-4F9B-923D-2572EB2D2C68}.Debug|Any CPU.Build.0 = Debug|Any CPU
		{D37A40AD-5883-4F9B-923D-2572EB2D2C68}.Release|Any CPU.ActiveCfg = Release|Any CPU
		{D37A40AD-5883-4F9B-923D-2572EB2D2C68}.Release|Any CPU.Build.0 = Release|Any CPU
		{FC024FF1-4C2F-E563-DDFA-C31FCC6A9854}.Debug|Any CPU.ActiveCfg = Debug|Any CPU
		{FC024FF1-4C2F-E563-DDFA-C31FCC6A9854}.Debug|Any CPU.Build.0 = Debug|Any CPU
		{FC024FF1-4C2F-E563-DDFA-C31FCC6A9854}.Release|Any CPU.ActiveCfg = Release|Any CPU
		{FC024FF1-4C2F-E563-DDFA-C31FCC6A9854}.Release|Any CPU.Build.0 = Release|Any CPU
		{3C182CFC-D5F2-46BA-9299-200C173AA2B6}.Debug|Any CPU.ActiveCfg = Debug|Any CPU
		{3C182CFC-D5F2-46BA-9299-200C173AA2B6}.Debug|Any CPU.Build.0 = Debug|Any CPU
		{3C182CFC-D5F2-46BA-9299-200C173AA2B6}.Release|Any CPU.ActiveCfg = Release|Any CPU
		{3C182CFC-D5F2-46BA-9299-200C173AA2B6}.Release|Any CPU.Build.0 = Release|Any CPU
		{0BD442E8-803F-3725-0A61-870FC3FF3FDD}.Debug|Any CPU.ActiveCfg = Debug|Any CPU
		{0BD442E8-803F-3725-0A61-870FC3FF3FDD}.Debug|Any CPU.Build.0 = Debug|Any CPU
		{0BD442E8-803F-3725-0A61-870FC3FF3FDD}.Release|Any CPU.ActiveCfg = Release|Any CPU
		{0BD442E8-803F-3725-0A61-870FC3FF3FDD}.Release|Any CPU.Build.0 = Release|Any CPU
		{684A5507-6A53-4B26-B7CD-C3828D33ABD6}.Debug|Any CPU.ActiveCfg = Debug|Any CPU
		{684A5507-6A53-4B26-B7CD-C3828D33ABD6}.Debug|Any CPU.Build.0 = Debug|Any CPU
		{684A5507-6A53-4B26-B7CD-C3828D33ABD6}.Release|Any CPU.ActiveCfg = Release|Any CPU
		{684A5507-6A53-4B26-B7CD-C3828D33ABD6}.Release|Any CPU.Build.0 = Release|Any CPU
		{AF59B5BE-EF8C-49B4-83B6-87A191E7F045}.Debug|Any CPU.ActiveCfg = Debug|Any CPU
		{AF59B5BE-EF8C-49B4-83B6-87A191E7F045}.Debug|Any CPU.Build.0 = Debug|Any CPU
		{AF59B5BE-EF8C-49B4-83B6-87A191E7F045}.Release|Any CPU.ActiveCfg = Release|Any CPU
		{AF59B5BE-EF8C-49B4-83B6-87A191E7F045}.Release|Any CPU.Build.0 = Release|Any CPU
		{E7638BAB-0C83-4BE1-B2E5-B280574126BD}.Debug|Any CPU.ActiveCfg = Debug|Any CPU
		{E7638BAB-0C83-4BE1-B2E5-B280574126BD}.Debug|Any CPU.Build.0 = Debug|Any CPU
		{E7638BAB-0C83-4BE1-B2E5-B280574126BD}.Release|Any CPU.ActiveCfg = Release|Any CPU
		{E7638BAB-0C83-4BE1-B2E5-B280574126BD}.Release|Any CPU.Build.0 = Release|Any CPU
		{9F889C2C-84FA-4912-AD76-F8E22ECD5838}.Debug|Any CPU.ActiveCfg = Debug|Any CPU
		{9F889C2C-84FA-4912-AD76-F8E22ECD5838}.Debug|Any CPU.Build.0 = Debug|Any CPU
		{9F889C2C-84FA-4912-AD76-F8E22ECD5838}.Release|Any CPU.ActiveCfg = Release|Any CPU
		{9F889C2C-84FA-4912-AD76-F8E22ECD5838}.Release|Any CPU.Build.0 = Release|Any CPU
		{912498C5-5F72-4F6E-A66C-E81A727CC28D}.Debug|Any CPU.ActiveCfg = Debug|Any CPU
		{912498C5-5F72-4F6E-A66C-E81A727CC28D}.Debug|Any CPU.Build.0 = Debug|Any CPU
		{912498C5-5F72-4F6E-A66C-E81A727CC28D}.Release|Any CPU.ActiveCfg = Release|Any CPU
		{912498C5-5F72-4F6E-A66C-E81A727CC28D}.Release|Any CPU.Build.0 = Release|Any CPU
		{3E49BF17-0785-41A4-B978-80E8ADA09246}.Debug|Any CPU.ActiveCfg = Debug|Any CPU
		{3E49BF17-0785-41A4-B978-80E8ADA09246}.Debug|Any CPU.Build.0 = Debug|Any CPU
		{3E49BF17-0785-41A4-B978-80E8ADA09246}.Release|Any CPU.ActiveCfg = Release|Any CPU
		{3E49BF17-0785-41A4-B978-80E8ADA09246}.Release|Any CPU.Build.0 = Release|Any CPU
		{5BD8FE98-9A7A-42C3-9009-B7DCF2A58368}.Debug|Any CPU.ActiveCfg = Debug|Any CPU
		{5BD8FE98-9A7A-42C3-9009-B7DCF2A58368}.Debug|Any CPU.Build.0 = Debug|Any CPU
		{5BD8FE98-9A7A-42C3-9009-B7DCF2A58368}.Release|Any CPU.ActiveCfg = Release|Any CPU
		{5BD8FE98-9A7A-42C3-9009-B7DCF2A58368}.Release|Any CPU.Build.0 = Release|Any CPU
		{12600F45-3E6A-AEEB-A984-34D0C894E592}.Debug|Any CPU.ActiveCfg = Debug|Any CPU
		{12600F45-3E6A-AEEB-A984-34D0C894E592}.Debug|Any CPU.Build.0 = Debug|Any CPU
		{12600F45-3E6A-AEEB-A984-34D0C894E592}.Release|Any CPU.ActiveCfg = Release|Any CPU
		{12600F45-3E6A-AEEB-A984-34D0C894E592}.Release|Any CPU.Build.0 = Release|Any CPU
		{DD4D90FD-647C-42B3-97D4-6B829EB1A244}.Debug|Any CPU.ActiveCfg = Debug|Any CPU
		{DD4D90FD-647C-42B3-97D4-6B829EB1A244}.Debug|Any CPU.Build.0 = Debug|Any CPU
		{DD4D90FD-647C-42B3-97D4-6B829EB1A244}.Release|Any CPU.ActiveCfg = Release|Any CPU
		{DD4D90FD-647C-42B3-97D4-6B829EB1A244}.Release|Any CPU.Build.0 = Release|Any CPU
		{D7801514-52F7-42B2-A837-770248A55A94}.Debug|Any CPU.ActiveCfg = Debug|Any CPU
		{D7801514-52F7-42B2-A837-770248A55A94}.Debug|Any CPU.Build.0 = Debug|Any CPU
		{D7801514-52F7-42B2-A837-770248A55A94}.Release|Any CPU.ActiveCfg = Release|Any CPU
		{D7801514-52F7-42B2-A837-770248A55A94}.Release|Any CPU.Build.0 = Release|Any CPU
		{FCD9BB70-B3D6-4698-B4CC-DD5BD8F19A80}.Debug|Any CPU.ActiveCfg = Debug|Any CPU
		{FCD9BB70-B3D6-4698-B4CC-DD5BD8F19A80}.Debug|Any CPU.Build.0 = Debug|Any CPU
		{FCD9BB70-B3D6-4698-B4CC-DD5BD8F19A80}.Release|Any CPU.ActiveCfg = Release|Any CPU
		{FCD9BB70-B3D6-4698-B4CC-DD5BD8F19A80}.Release|Any CPU.Build.0 = Release|Any CPU
		{3071BF19-6D6D-4207-93C1-0F907F6B09E4}.Debug|Any CPU.ActiveCfg = Debug|Any CPU
		{3071BF19-6D6D-4207-93C1-0F907F6B09E4}.Debug|Any CPU.Build.0 = Debug|Any CPU
		{3071BF19-6D6D-4207-93C1-0F907F6B09E4}.Release|Any CPU.ActiveCfg = Release|Any CPU
		{3071BF19-6D6D-4207-93C1-0F907F6B09E4}.Release|Any CPU.Build.0 = Release|Any CPU
		{1680A8B0-2C4F-4982-B3CA-B47E23D9BC54}.Debug|Any CPU.ActiveCfg = Debug|Any CPU
		{1680A8B0-2C4F-4982-B3CA-B47E23D9BC54}.Debug|Any CPU.Build.0 = Debug|Any CPU
		{1680A8B0-2C4F-4982-B3CA-B47E23D9BC54}.Release|Any CPU.ActiveCfg = Release|Any CPU
		{1680A8B0-2C4F-4982-B3CA-B47E23D9BC54}.Release|Any CPU.Build.0 = Release|Any CPU
	EndGlobalSection
	GlobalSection(SolutionProperties) = preSolution
		HideSolutionNode = FALSE
	EndGlobalSection
	GlobalSection(NestedProjects) = preSolution
		{F0AF7D2B-AFA3-4FBF-B2C7-DBEA80B69C86} = {0A6749E4-E849-4729-9C26-42F00B9B599E}
		{4DC85687-49CC-4DFC-B391-84DB72FBFE02} = {0A6749E4-E849-4729-9C26-42F00B9B599E}
		{2E2CCFDF-FCCC-4C86-A1F6-3D096B5AC503} = {F0AF7D2B-AFA3-4FBF-B2C7-DBEA80B69C86}
		{A730F444-20BE-490C-8FE5-BEFDD18BEDEE} = {2E2CCFDF-FCCC-4C86-A1F6-3D096B5AC503}
		{8F90467D-5E1D-469C-9FA2-73427707ED59} = {F0AF7D2B-AFA3-4FBF-B2C7-DBEA80B69C86}
		{1A69FFE7-B813-469A-9B54-A073A63292D9} = {F0AF7D2B-AFA3-4FBF-B2C7-DBEA80B69C86}
		{47318D91-427A-8517-E6C6-8A05093869E2} = {472C81E0-4D68-418B-BE04-ACE46C96CE3C}
		{BD641065-2058-1585-8C8D-2CADA087F9A3} = {472C81E0-4D68-418B-BE04-ACE46C96CE3C}
		{2A3E564A-FA75-41CE-A87F-FB27EF780FF4} = {2E2CCFDF-FCCC-4C86-A1F6-3D096B5AC503}
		{290EB531-97D4-4DF8-B6C0-F4AC91BAC4BC} = {F0AF7D2B-AFA3-4FBF-B2C7-DBEA80B69C86}
		{D37A40AD-5883-4F9B-923D-2572EB2D2C68} = {2E2CCFDF-FCCC-4C86-A1F6-3D096B5AC503}
		{FC024FF1-4C2F-E563-DDFA-C31FCC6A9854} = {F0AF7D2B-AFA3-4FBF-B2C7-DBEA80B69C86}
		{3C182CFC-D5F2-46BA-9299-200C173AA2B6} = {4DC85687-49CC-4DFC-B391-84DB72FBFE02}
		{857A5ADE-D9C7-451F-8A04-84D840A9F01C} = {4DC85687-49CC-4DFC-B391-84DB72FBFE02}
		{0BD442E8-803F-3725-0A61-870FC3FF3FDD} = {857A5ADE-D9C7-451F-8A04-84D840A9F01C}
		{684A5507-6A53-4B26-B7CD-C3828D33ABD6} = {4DC85687-49CC-4DFC-B391-84DB72FBFE02}
		{AF59B5BE-EF8C-49B4-83B6-87A191E7F045} = {4DC85687-49CC-4DFC-B391-84DB72FBFE02}
		{E7638BAB-0C83-4BE1-B2E5-B280574126BD} = {4DC85687-49CC-4DFC-B391-84DB72FBFE02}
		{9F889C2C-84FA-4912-AD76-F8E22ECD5838} = {857A5ADE-D9C7-451F-8A04-84D840A9F01C}
		{912498C5-5F72-4F6E-A66C-E81A727CC28D} = {857A5ADE-D9C7-451F-8A04-84D840A9F01C}
		{3E49BF17-0785-41A4-B978-80E8ADA09246} = {472C81E0-4D68-418B-BE04-ACE46C96CE3C}
		{5BD8FE98-9A7A-42C3-9009-B7DCF2A58368} = {4DC85687-49CC-4DFC-B391-84DB72FBFE02}
		{12600F45-3E6A-AEEB-A984-34D0C894E592} = {472C81E0-4D68-418B-BE04-ACE46C96CE3C}
		{DD4D90FD-647C-42B3-97D4-6B829EB1A244} = {F0AF7D2B-AFA3-4FBF-B2C7-DBEA80B69C86}
		{D7801514-52F7-42B2-A837-770248A55A94} = {472C81E0-4D68-418B-BE04-ACE46C96CE3C}
		{FCD9BB70-B3D6-4698-B4CC-DD5BD8F19A80} = {2E2CCFDF-FCCC-4C86-A1F6-3D096B5AC503}
		{3071BF19-6D6D-4207-93C1-0F907F6B09E4} = {857A5ADE-D9C7-451F-8A04-84D840A9F01C}
		{1680A8B0-2C4F-4982-B3CA-B47E23D9BC54} = {615A6B33-AEE4-484C-9092-0DCC724F0FB7}
	EndGlobalSection
	GlobalSection(ExtensibilityGlobals) = postSolution
		SolutionGuid = {587E730B-3552-4EB0-B7B5-B050C8CB554A}
	EndGlobalSection
EndGlobal
